// !$*UTF8*$!
{
	archiveVersion = 1;
	classes = {
	};
	objectVersion = 56;
	objects = {

/* Begin PBXBuildFile section */
		8D1DEDE22A7EEC660073B9BA /* LiturgicHourNetworkLoaderServiceProtocol.swift in Sources */ = {isa = PBXBuildFile; fileRef = 8D1DEDE12A7EEC660073B9BA /* LiturgicHourNetworkLoaderServiceProtocol.swift */; };
		8D1DEDE32A7EEC660073B9BA /* LiturgicHourNetworkLoaderServiceProtocol.swift in Sources */ = {isa = PBXBuildFile; fileRef = 8D1DEDE12A7EEC660073B9BA /* LiturgicHourNetworkLoaderServiceProtocol.swift */; };
		8D1DEDE62A7EECC20073B9BA /* LiturgicHourNetworkLoaderServiceMock.swift in Sources */ = {isa = PBXBuildFile; fileRef = 8D1DEDE52A7EECC20073B9BA /* LiturgicHourNetworkLoaderServiceMock.swift */; };
		8D1DEDE72A7EECC20073B9BA /* LiturgicHourNetworkLoaderServiceMock.swift in Sources */ = {isa = PBXBuildFile; fileRef = 8D1DEDE52A7EECC20073B9BA /* LiturgicHourNetworkLoaderServiceMock.swift */; };
		8D1DEDE92A7EF0AF0073B9BA /* DateHourLiturgicHourClassifierProtocol.swift in Sources */ = {isa = PBXBuildFile; fileRef = 8D1DEDE82A7EF0AF0073B9BA /* DateHourLiturgicHourClassifierProtocol.swift */; };
		8D1DEDEA2A7EF0AF0073B9BA /* DateHourLiturgicHourClassifierProtocol.swift in Sources */ = {isa = PBXBuildFile; fileRef = 8D1DEDE82A7EF0AF0073B9BA /* DateHourLiturgicHourClassifierProtocol.swift */; };
		8D1DEDEF2A7EF82E0073B9BA /* LiturgicHourNetworkLoaderImpl.swift in Sources */ = {isa = PBXBuildFile; fileRef = 8D1DEDEE2A7EF82E0073B9BA /* LiturgicHourNetworkLoaderImpl.swift */; };
		8D1DEDF02A7EF82E0073B9BA /* LiturgicHourNetworkLoaderImpl.swift in Sources */ = {isa = PBXBuildFile; fileRef = 8D1DEDEE2A7EF82E0073B9BA /* LiturgicHourNetworkLoaderImpl.swift */; };
		8D7874FE2A7F25F800617E03 /* NetworkFetcherServiceImpl.swift in Sources */ = {isa = PBXBuildFile; fileRef = 8D7874FD2A7F25F800617E03 /* NetworkFetcherServiceImpl.swift */; };
		8D7874FF2A7F25F800617E03 /* NetworkFetcherServiceImpl.swift in Sources */ = {isa = PBXBuildFile; fileRef = 8D7874FD2A7F25F800617E03 /* NetworkFetcherServiceImpl.swift */; };
		8D7875022A7F364E00617E03 /* HourProviderProtocol.swift in Sources */ = {isa = PBXBuildFile; fileRef = 8D7875012A7F364D00617E03 /* HourProviderProtocol.swift */; };
		8D7875032A7F364E00617E03 /* HourProviderProtocol.swift in Sources */ = {isa = PBXBuildFile; fileRef = 8D7875012A7F364D00617E03 /* HourProviderProtocol.swift */; };
		8D7875052A7F36CB00617E03 /* HourProviderImpl.swift in Sources */ = {isa = PBXBuildFile; fileRef = 8D7875042A7F36CB00617E03 /* HourProviderImpl.swift */; };
		8D7875062A7F36CB00617E03 /* HourProviderImpl.swift in Sources */ = {isa = PBXBuildFile; fileRef = 8D7875042A7F36CB00617E03 /* HourProviderImpl.swift */; };
		8D7875082A7F377C00617E03 /* HourProviderMock.swift in Sources */ = {isa = PBXBuildFile; fileRef = 8D7875072A7F377C00617E03 /* HourProviderMock.swift */; };
		8D8B36BA2A7C8E5E00A39F6A /* DateHourLiturgicHourClassifierServiceTests.swift in Sources */ = {isa = PBXBuildFile; fileRef = 8D8B36B92A7C8E5E00A39F6A /* DateHourLiturgicHourClassifierServiceTests.swift */; };
		8D8B36BC2A7C8F0100A39F6A /* NetworkFetcherServiceProtocol.swift in Sources */ = {isa = PBXBuildFile; fileRef = 8D8B36BB2A7C8F0100A39F6A /* NetworkFetcherServiceProtocol.swift */; };
		8D8B36BD2A7C8F0100A39F6A /* NetworkFetcherServiceProtocol.swift in Sources */ = {isa = PBXBuildFile; fileRef = 8D8B36BB2A7C8F0100A39F6A /* NetworkFetcherServiceProtocol.swift */; };
		8D8B36C22A7C923C00A39F6A /* LiturgicHourViewModel.swift in Sources */ = {isa = PBXBuildFile; fileRef = 8D8B36C12A7C923C00A39F6A /* LiturgicHourViewModel.swift */; };
		8D8B36C32A7C923C00A39F6A /* LiturgicHourViewModel.swift in Sources */ = {isa = PBXBuildFile; fileRef = 8D8B36C12A7C923C00A39F6A /* LiturgicHourViewModel.swift */; };
		8DCE6FC22A61B193007A0FBD /* SwiftSoup in Frameworks */ = {isa = PBXBuildFile; productRef = 8DCE6FC12A61B193007A0FBD /* SwiftSoup */; };
		8DD840952A755FD50062D955 /* HTMLParser.swift in Sources */ = {isa = PBXBuildFile; fileRef = 8DD840942A755FD50062D955 /* HTMLParser.swift */; };
		8DD840962A755FD50062D955 /* HTMLParser.swift in Sources */ = {isa = PBXBuildFile; fileRef = 8DD840942A755FD50062D955 /* HTMLParser.swift */; };
		8DD840992A75614B0062D955 /* DateHourLiturgicHourClassifierService.swift in Sources */ = {isa = PBXBuildFile; fileRef = 8DD840982A75614B0062D955 /* DateHourLiturgicHourClassifierService.swift */; };
		8DD8409A2A75614B0062D955 /* DateHourLiturgicHourClassifierService.swift in Sources */ = {isa = PBXBuildFile; fileRef = 8DD840982A75614B0062D955 /* DateHourLiturgicHourClassifierService.swift */; };
		8DD8409D2A75626E0062D955 /* LiturgicHour.swift in Sources */ = {isa = PBXBuildFile; fileRef = 8DD8409C2A75626E0062D955 /* LiturgicHour.swift */; };
		8DD8409E2A75626E0062D955 /* LiturgicHour.swift in Sources */ = {isa = PBXBuildFile; fileRef = 8DD8409C2A75626E0062D955 /* LiturgicHour.swift */; };
		8DEB76112A5F0A0C00FDC86A /* BreviarioApp.swift in Sources */ = {isa = PBXBuildFile; fileRef = 8DEB76102A5F0A0C00FDC86A /* BreviarioApp.swift */; };
		8DEB76132A5F0A0C00FDC86A /* LiturgicHourView.swift in Sources */ = {isa = PBXBuildFile; fileRef = 8DEB76122A5F0A0C00FDC86A /* LiturgicHourView.swift */; };
		8DEB76152A5F0A0F00FDC86A /* Assets.xcassets in Resources */ = {isa = PBXBuildFile; fileRef = 8DEB76142A5F0A0F00FDC86A /* Assets.xcassets */; };
		8DEB76192A5F0A0F00FDC86A /* Preview Assets.xcassets in Resources */ = {isa = PBXBuildFile; fileRef = 8DEB76182A5F0A0F00FDC86A /* Preview Assets.xcassets */; };
		8DEB762D2A5F0A1000FDC86A /* BreviarioUITests.swift in Sources */ = {isa = PBXBuildFile; fileRef = 8DEB762C2A5F0A1000FDC86A /* BreviarioUITests.swift */; };
		8DEB762F2A5F0A1000FDC86A /* BreviarioUITestsLaunchTests.swift in Sources */ = {isa = PBXBuildFile; fileRef = 8DEB762E2A5F0A1000FDC86A /* BreviarioUITestsLaunchTests.swift */; };
/* End PBXBuildFile section */

/* Begin PBXContainerItemProxy section */
		8DEB761F2A5F0A0F00FDC86A /* PBXContainerItemProxy */ = {
			isa = PBXContainerItemProxy;
			containerPortal = 8DEB76052A5F0A0C00FDC86A /* Project object */;
			proxyType = 1;
			remoteGlobalIDString = 8DEB760C2A5F0A0C00FDC86A;
			remoteInfo = Breviario;
		};
		8DEB76292A5F0A1000FDC86A /* PBXContainerItemProxy */ = {
			isa = PBXContainerItemProxy;
			containerPortal = 8DEB76052A5F0A0C00FDC86A /* Project object */;
			proxyType = 1;
			remoteGlobalIDString = 8DEB760C2A5F0A0C00FDC86A;
			remoteInfo = Breviario;
		};
/* End PBXContainerItemProxy section */

/* Begin PBXFileReference section */
		8D1DEDE12A7EEC660073B9BA /* LiturgicHourNetworkLoaderServiceProtocol.swift */ = {isa = PBXFileReference; lastKnownFileType = sourcecode.swift; path = LiturgicHourNetworkLoaderServiceProtocol.swift; sourceTree = "<group>"; };
		8D1DEDE52A7EECC20073B9BA /* LiturgicHourNetworkLoaderServiceMock.swift */ = {isa = PBXFileReference; lastKnownFileType = sourcecode.swift; path = LiturgicHourNetworkLoaderServiceMock.swift; sourceTree = "<group>"; };
		8D1DEDE82A7EF0AF0073B9BA /* DateHourLiturgicHourClassifierProtocol.swift */ = {isa = PBXFileReference; lastKnownFileType = sourcecode.swift; path = DateHourLiturgicHourClassifierProtocol.swift; sourceTree = "<group>"; };
		8D1DEDEE2A7EF82E0073B9BA /* LiturgicHourNetworkLoaderImpl.swift */ = {isa = PBXFileReference; lastKnownFileType = sourcecode.swift; path = LiturgicHourNetworkLoaderImpl.swift; sourceTree = "<group>"; };
		8D7874FD2A7F25F800617E03 /* NetworkFetcherServiceImpl.swift */ = {isa = PBXFileReference; fileEncoding = 4; lastKnownFileType = sourcecode.swift; path = NetworkFetcherServiceImpl.swift; sourceTree = "<group>"; };
		8D7875012A7F364D00617E03 /* HourProviderProtocol.swift */ = {isa = PBXFileReference; lastKnownFileType = sourcecode.swift; path = HourProviderProtocol.swift; sourceTree = "<group>"; };
		8D7875042A7F36CB00617E03 /* HourProviderImpl.swift */ = {isa = PBXFileReference; lastKnownFileType = sourcecode.swift; path = HourProviderImpl.swift; sourceTree = "<group>"; };
		8D7875072A7F377C00617E03 /* HourProviderMock.swift */ = {isa = PBXFileReference; lastKnownFileType = sourcecode.swift; path = HourProviderMock.swift; sourceTree = "<group>"; };
		8D8B36B92A7C8E5E00A39F6A /* DateHourLiturgicHourClassifierServiceTests.swift */ = {isa = PBXFileReference; lastKnownFileType = sourcecode.swift; path = DateHourLiturgicHourClassifierServiceTests.swift; sourceTree = "<group>"; };
		8D8B36BB2A7C8F0100A39F6A /* NetworkFetcherServiceProtocol.swift */ = {isa = PBXFileReference; lastKnownFileType = sourcecode.swift; path = NetworkFetcherServiceProtocol.swift; sourceTree = "<group>"; };
		8D8B36C12A7C923C00A39F6A /* LiturgicHourViewModel.swift */ = {isa = PBXFileReference; lastKnownFileType = sourcecode.swift; path = LiturgicHourViewModel.swift; sourceTree = "<group>"; };
		8D8CCDB92A607DB2009E980E /* Info.plist */ = {isa = PBXFileReference; lastKnownFileType = text.plist.xml; path = Info.plist; sourceTree = "<group>"; };
		8DD840942A755FD50062D955 /* HTMLParser.swift */ = {isa = PBXFileReference; lastKnownFileType = sourcecode.swift; path = HTMLParser.swift; sourceTree = "<group>"; };
		8DD840982A75614B0062D955 /* DateHourLiturgicHourClassifierService.swift */ = {isa = PBXFileReference; lastKnownFileType = sourcecode.swift; path = DateHourLiturgicHourClassifierService.swift; sourceTree = "<group>"; };
		8DD8409C2A75626E0062D955 /* LiturgicHour.swift */ = {isa = PBXFileReference; lastKnownFileType = sourcecode.swift; path = LiturgicHour.swift; sourceTree = "<group>"; };
		8DEB760D2A5F0A0C00FDC86A /* Breviario.app */ = {isa = PBXFileReference; explicitFileType = wrapper.application; includeInIndex = 0; path = Breviario.app; sourceTree = BUILT_PRODUCTS_DIR; };
		8DEB76102A5F0A0C00FDC86A /* BreviarioApp.swift */ = {isa = PBXFileReference; lastKnownFileType = sourcecode.swift; path = BreviarioApp.swift; sourceTree = "<group>"; };
		8DEB76122A5F0A0C00FDC86A /* LiturgicHourView.swift */ = {isa = PBXFileReference; lastKnownFileType = sourcecode.swift; path = LiturgicHourView.swift; sourceTree = "<group>"; };
		8DEB76142A5F0A0F00FDC86A /* Assets.xcassets */ = {isa = PBXFileReference; lastKnownFileType = folder.assetcatalog; path = Assets.xcassets; sourceTree = "<group>"; };
		8DEB76162A5F0A0F00FDC86A /* Breviario.entitlements */ = {isa = PBXFileReference; lastKnownFileType = text.plist.entitlements; path = Breviario.entitlements; sourceTree = "<group>"; };
		8DEB76182A5F0A0F00FDC86A /* Preview Assets.xcassets */ = {isa = PBXFileReference; lastKnownFileType = folder.assetcatalog; path = "Preview Assets.xcassets"; sourceTree = "<group>"; };
		8DEB761E2A5F0A0F00FDC86A /* BreviarioTests.xctest */ = {isa = PBXFileReference; explicitFileType = wrapper.cfbundle; includeInIndex = 0; path = BreviarioTests.xctest; sourceTree = BUILT_PRODUCTS_DIR; };
		8DEB76282A5F0A1000FDC86A /* BreviarioUITests.xctest */ = {isa = PBXFileReference; explicitFileType = wrapper.cfbundle; includeInIndex = 0; path = BreviarioUITests.xctest; sourceTree = BUILT_PRODUCTS_DIR; };
		8DEB762C2A5F0A1000FDC86A /* BreviarioUITests.swift */ = {isa = PBXFileReference; lastKnownFileType = sourcecode.swift; path = BreviarioUITests.swift; sourceTree = "<group>"; };
		8DEB762E2A5F0A1000FDC86A /* BreviarioUITestsLaunchTests.swift */ = {isa = PBXFileReference; lastKnownFileType = sourcecode.swift; path = BreviarioUITestsLaunchTests.swift; sourceTree = "<group>"; };
/* End PBXFileReference section */

/* Begin PBXFrameworksBuildPhase section */
		8DEB760A2A5F0A0C00FDC86A /* Frameworks */ = {
			isa = PBXFrameworksBuildPhase;
			buildActionMask = 2147483647;
			files = (
				8DCE6FC22A61B193007A0FBD /* SwiftSoup in Frameworks */,
			);
			runOnlyForDeploymentPostprocessing = 0;
		};
		8DEB761B2A5F0A0F00FDC86A /* Frameworks */ = {
			isa = PBXFrameworksBuildPhase;
			buildActionMask = 2147483647;
			files = (
			);
			runOnlyForDeploymentPostprocessing = 0;
		};
		8DEB76252A5F0A1000FDC86A /* Frameworks */ = {
			isa = PBXFrameworksBuildPhase;
			buildActionMask = 2147483647;
			files = (
			);
			runOnlyForDeploymentPostprocessing = 0;
		};
/* End PBXFrameworksBuildPhase section */

/* Begin PBXGroup section */
		8D07ABC22A7566EC00E3032D /* NetworkFetcher */ = {
			isa = PBXGroup;
			children = (
				8D7874FD2A7F25F800617E03 /* NetworkFetcherServiceImpl.swift */,
				8D8B36BB2A7C8F0100A39F6A /* NetworkFetcherServiceProtocol.swift */,
			);
			path = NetworkFetcher;
			sourceTree = "<group>";
		};
		8D1DEDE42A7EEC970073B9BA /* LiturgicHourLoader */ = {
			isa = PBXGroup;
			children = (
				8D1DEDEE2A7EF82E0073B9BA /* LiturgicHourNetworkLoaderImpl.swift */,
				8D1DEDE52A7EECC20073B9BA /* LiturgicHourNetworkLoaderServiceMock.swift */,
				8D1DEDE12A7EEC660073B9BA /* LiturgicHourNetworkLoaderServiceProtocol.swift */,
			);
			path = LiturgicHourLoader;
			sourceTree = "<group>";
		};
		8D1DEDF22A7F20950073B9BA /* Parser */ = {
			isa = PBXGroup;
			children = (
				8DD840932A755FC20062D955 /* HTMLParser */,
			);
			path = Parser;
			sourceTree = "<group>";
		};
		8D7875002A7F363F00617E03 /* HourProvider */ = {
			isa = PBXGroup;
			children = (
				8D7875012A7F364D00617E03 /* HourProviderProtocol.swift */,
				8D7875042A7F36CB00617E03 /* HourProviderImpl.swift */,
			);
			path = HourProvider;
			sourceTree = "<group>";
		};
		8D8B36B82A7C8E4200A39F6A /* Network */ = {
			isa = PBXGroup;
			children = (
				8D8B36B92A7C8E5E00A39F6A /* DateHourLiturgicHourClassifierServiceTests.swift */,
			);
			path = Network;
			sourceTree = "<group>";
		};
		8D8B36C02A7C922500A39F6A /* ViewModel */ = {
			isa = PBXGroup;
			children = (
				8D8B36C12A7C923C00A39F6A /* LiturgicHourViewModel.swift */,
			);
			path = ViewModel;
			sourceTree = "<group>";
		};
		8DCE6FC32A61B222007A0FBD /* App */ = {
			isa = PBXGroup;
			children = (
				8D8CCDB92A607DB2009E980E /* Info.plist */,
				8DEB76102A5F0A0C00FDC86A /* BreviarioApp.swift */,
			);
			path = App;
			sourceTree = "<group>";
		};
		8DCE6FC42A61B22E007A0FBD /* Resources */ = {
			isa = PBXGroup;
			children = (
				8DEB76142A5F0A0F00FDC86A /* Assets.xcassets */,
				8DEB76162A5F0A0F00FDC86A /* Breviario.entitlements */,
			);
			path = Resources;
			sourceTree = "<group>";
		};
		8DCE6FC52A61B246007A0FBD /* Source */ = {
			isa = PBXGroup;
			children = (
				8DD840972A75609B0062D955 /* DateHourLiturgicHourClassifier */,
				8DCE6FC62A61B31C007A0FBD /* LiturgicHour */,
				8D1DEDE42A7EEC970073B9BA /* LiturgicHourLoader */,
				8D07ABC22A7566EC00E3032D /* NetworkFetcher */,
				8D1DEDF22A7F20950073B9BA /* Parser */,
			);
			path = Source;
			sourceTree = "<group>";
		};
		8DCE6FC62A61B31C007A0FBD /* LiturgicHour */ = {
			isa = PBXGroup;
			children = (
				8DD8409B2A7562440062D955 /* Model */,
				8D8B36C02A7C922500A39F6A /* ViewModel */,
				8DCE6FC72A61B332007A0FBD /* View */,
			);
			path = LiturgicHour;
			sourceTree = "<group>";
		};
		8DCE6FC72A61B332007A0FBD /* View */ = {
			isa = PBXGroup;
			children = (
				8DEB76122A5F0A0C00FDC86A /* LiturgicHourView.swift */,
			);
			path = View;
			sourceTree = "<group>";
		};
		8DD840932A755FC20062D955 /* HTMLParser */ = {
			isa = PBXGroup;
			children = (
				8DD840942A755FD50062D955 /* HTMLParser.swift */,
			);
			path = HTMLParser;
			sourceTree = "<group>";
		};
		8DD840972A75609B0062D955 /* DateHourLiturgicHourClassifier */ = {
			isa = PBXGroup;
			children = (
				8D1DEDE82A7EF0AF0073B9BA /* DateHourLiturgicHourClassifierProtocol.swift */,
				8DD840982A75614B0062D955 /* DateHourLiturgicHourClassifierService.swift */,
				8D7875002A7F363F00617E03 /* HourProvider */,
			);
			path = DateHourLiturgicHourClassifier;
			sourceTree = "<group>";
		};
		8DD8409B2A7562440062D955 /* Model */ = {
			isa = PBXGroup;
			children = (
				8DD8409C2A75626E0062D955 /* LiturgicHour.swift */,
			);
			path = Model;
			sourceTree = "<group>";
		};
		8DEB76042A5F0A0C00FDC86A = {
			isa = PBXGroup;
			children = (
				8DEB760F2A5F0A0C00FDC86A /* Breviario */,
				8DEB76212A5F0A0F00FDC86A /* BreviarioTests */,
				8DEB762B2A5F0A1000FDC86A /* BreviarioUITests */,
				8DEB760E2A5F0A0C00FDC86A /* Products */,
			);
			indentWidth = 2;
			sourceTree = "<group>";
			tabWidth = 2;
		};
		8DEB760E2A5F0A0C00FDC86A /* Products */ = {
			isa = PBXGroup;
			children = (
				8DEB760D2A5F0A0C00FDC86A /* Breviario.app */,
				8DEB761E2A5F0A0F00FDC86A /* BreviarioTests.xctest */,
				8DEB76282A5F0A1000FDC86A /* BreviarioUITests.xctest */,
			);
			name = Products;
			sourceTree = "<group>";
		};
		8DEB760F2A5F0A0C00FDC86A /* Breviario */ = {
			isa = PBXGroup;
			children = (
				8DCE6FC32A61B222007A0FBD /* App */,
				8DEB76172A5F0A0F00FDC86A /* Preview Content */,
				8DCE6FC42A61B22E007A0FBD /* Resources */,
				8DCE6FC52A61B246007A0FBD /* Source */,
			);
			path = Breviario;
			sourceTree = "<group>";
		};
		8DEB76172A5F0A0F00FDC86A /* Preview Content */ = {
			isa = PBXGroup;
			children = (
				8DEB76182A5F0A0F00FDC86A /* Preview Assets.xcassets */,
			);
			path = "Preview Content";
			sourceTree = "<group>";
		};
		8DEB76212A5F0A0F00FDC86A /* BreviarioTests */ = {
			isa = PBXGroup;
			children = (
				8D8B36B82A7C8E4200A39F6A /* Network */,
				8D7875072A7F377C00617E03 /* HourProviderMock.swift */,
			);
			path = BreviarioTests;
			sourceTree = "<group>";
		};
		8DEB762B2A5F0A1000FDC86A /* BreviarioUITests */ = {
			isa = PBXGroup;
			children = (
				8DEB762C2A5F0A1000FDC86A /* BreviarioUITests.swift */,
				8DEB762E2A5F0A1000FDC86A /* BreviarioUITestsLaunchTests.swift */,
			);
			path = BreviarioUITests;
			sourceTree = "<group>";
		};
/* End PBXGroup section */

/* Begin PBXNativeTarget section */
		8DEB760C2A5F0A0C00FDC86A /* Breviario */ = {
			isa = PBXNativeTarget;
			buildConfigurationList = 8DEB76322A5F0A1000FDC86A /* Build configuration list for PBXNativeTarget "Breviario" */;
			buildPhases = (
				8DEB76092A5F0A0C00FDC86A /* Sources */,
				8DEB760A2A5F0A0C00FDC86A /* Frameworks */,
				8DEB760B2A5F0A0C00FDC86A /* Resources */,
			);
			buildRules = (
			);
			dependencies = (
			);
			name = Breviario;
			packageProductDependencies = (
				8DCE6FC12A61B193007A0FBD /* SwiftSoup */,
			);
			productName = Breviario;
			productReference = 8DEB760D2A5F0A0C00FDC86A /* Breviario.app */;
			productType = "com.apple.product-type.application";
		};
		8DEB761D2A5F0A0F00FDC86A /* BreviarioTests */ = {
			isa = PBXNativeTarget;
			buildConfigurationList = 8DEB76352A5F0A1000FDC86A /* Build configuration list for PBXNativeTarget "BreviarioTests" */;
			buildPhases = (
				8DEB761A2A5F0A0F00FDC86A /* Sources */,
				8DEB761B2A5F0A0F00FDC86A /* Frameworks */,
				8DEB761C2A5F0A0F00FDC86A /* Resources */,
			);
			buildRules = (
			);
			dependencies = (
				8DEB76202A5F0A0F00FDC86A /* PBXTargetDependency */,
			);
			name = BreviarioTests;
			productName = BreviarioTests;
			productReference = 8DEB761E2A5F0A0F00FDC86A /* BreviarioTests.xctest */;
			productType = "com.apple.product-type.bundle.unit-test";
		};
		8DEB76272A5F0A1000FDC86A /* BreviarioUITests */ = {
			isa = PBXNativeTarget;
			buildConfigurationList = 8DEB76382A5F0A1000FDC86A /* Build configuration list for PBXNativeTarget "BreviarioUITests" */;
			buildPhases = (
				8DEB76242A5F0A1000FDC86A /* Sources */,
				8DEB76252A5F0A1000FDC86A /* Frameworks */,
				8DEB76262A5F0A1000FDC86A /* Resources */,
			);
			buildRules = (
			);
			dependencies = (
				8DEB762A2A5F0A1000FDC86A /* PBXTargetDependency */,
			);
			name = BreviarioUITests;
			productName = BreviarioUITests;
			productReference = 8DEB76282A5F0A1000FDC86A /* BreviarioUITests.xctest */;
			productType = "com.apple.product-type.bundle.ui-testing";
		};
/* End PBXNativeTarget section */

/* Begin PBXProject section */
		8DEB76052A5F0A0C00FDC86A /* Project object */ = {
			isa = PBXProject;
			attributes = {
				BuildIndependentTargetsInParallel = 1;
				LastSwiftUpdateCheck = 1430;
				LastUpgradeCheck = 1500;
				TargetAttributes = {
					8DEB760C2A5F0A0C00FDC86A = {
						CreatedOnToolsVersion = 14.3.1;
					};
					8DEB761D2A5F0A0F00FDC86A = {
						CreatedOnToolsVersion = 14.3.1;
						TestTargetID = 8DEB760C2A5F0A0C00FDC86A;
					};
					8DEB76272A5F0A1000FDC86A = {
						CreatedOnToolsVersion = 14.3.1;
						TestTargetID = 8DEB760C2A5F0A0C00FDC86A;
					};
				};
			};
			buildConfigurationList = 8DEB76082A5F0A0C00FDC86A /* Build configuration list for PBXProject "Breviario" */;
			compatibilityVersion = "Xcode 14.0";
			developmentRegion = en;
			hasScannedForEncodings = 0;
			knownRegions = (
				en,
				Base,
			);
			mainGroup = 8DEB76042A5F0A0C00FDC86A;
			packageReferences = (
				8DCE6FC02A61B193007A0FBD /* XCRemoteSwiftPackageReference "SwiftSoup" */,
			);
			productRefGroup = 8DEB760E2A5F0A0C00FDC86A /* Products */;
			projectDirPath = "";
			projectRoot = "";
			targets = (
				8DEB760C2A5F0A0C00FDC86A /* Breviario */,
				8DEB761D2A5F0A0F00FDC86A /* BreviarioTests */,
				8DEB76272A5F0A1000FDC86A /* BreviarioUITests */,
			);
		};
/* End PBXProject section */

/* Begin PBXResourcesBuildPhase section */
		8DEB760B2A5F0A0C00FDC86A /* Resources */ = {
			isa = PBXResourcesBuildPhase;
			buildActionMask = 2147483647;
			files = (
				8DEB76192A5F0A0F00FDC86A /* Preview Assets.xcassets in Resources */,
				8DEB76152A5F0A0F00FDC86A /* Assets.xcassets in Resources */,
			);
			runOnlyForDeploymentPostprocessing = 0;
		};
		8DEB761C2A5F0A0F00FDC86A /* Resources */ = {
			isa = PBXResourcesBuildPhase;
			buildActionMask = 2147483647;
			files = (
			);
			runOnlyForDeploymentPostprocessing = 0;
		};
		8DEB76262A5F0A1000FDC86A /* Resources */ = {
			isa = PBXResourcesBuildPhase;
			buildActionMask = 2147483647;
			files = (
			);
			runOnlyForDeploymentPostprocessing = 0;
		};
/* End PBXResourcesBuildPhase section */

/* Begin PBXSourcesBuildPhase section */
		8DEB76092A5F0A0C00FDC86A /* Sources */ = {
			isa = PBXSourcesBuildPhase;
			buildActionMask = 2147483647;
			files = (
				8DD840992A75614B0062D955 /* DateHourLiturgicHourClassifierService.swift in Sources */,
				8D1DEDEF2A7EF82E0073B9BA /* LiturgicHourNetworkLoaderImpl.swift in Sources */,
				8DD8409D2A75626E0062D955 /* LiturgicHour.swift in Sources */,
				8D1DEDE62A7EECC20073B9BA /* LiturgicHourNetworkLoaderServiceMock.swift in Sources */,
				8D8B36C22A7C923C00A39F6A /* LiturgicHourViewModel.swift in Sources */,
				8D1DEDE92A7EF0AF0073B9BA /* DateHourLiturgicHourClassifierProtocol.swift in Sources */,
				8D1DEDE22A7EEC660073B9BA /* LiturgicHourNetworkLoaderServiceProtocol.swift in Sources */,
				8D8B36BC2A7C8F0100A39F6A /* NetworkFetcherServiceProtocol.swift in Sources */,
				8D7875052A7F36CB00617E03 /* HourProviderImpl.swift in Sources */,
				8D7875022A7F364E00617E03 /* HourProviderProtocol.swift in Sources */,
				8DD840952A755FD50062D955 /* HTMLParser.swift in Sources */,
				8DEB76132A5F0A0C00FDC86A /* LiturgicHourView.swift in Sources */,
				8D7874FE2A7F25F800617E03 /* NetworkFetcherServiceImpl.swift in Sources */,
				8DEB76112A5F0A0C00FDC86A /* BreviarioApp.swift in Sources */,
			);
			runOnlyForDeploymentPostprocessing = 0;
		};
		8DEB761A2A5F0A0F00FDC86A /* Sources */ = {
			isa = PBXSourcesBuildPhase;
			buildActionMask = 2147483647;
			files = (
				8D7875032A7F364E00617E03 /* HourProviderProtocol.swift in Sources */,
				8D8B36BA2A7C8E5E00A39F6A /* DateHourLiturgicHourClassifierServiceTests.swift in Sources */,
				8D7875062A7F36CB00617E03 /* HourProviderImpl.swift in Sources */,
				8DD8409E2A75626E0062D955 /* LiturgicHour.swift in Sources */,
				8D7875082A7F377C00617E03 /* HourProviderMock.swift in Sources */,
				8D1DEDE72A7EECC20073B9BA /* LiturgicHourNetworkLoaderServiceMock.swift in Sources */,
				8D1DEDE32A7EEC660073B9BA /* LiturgicHourNetworkLoaderServiceProtocol.swift in Sources */,
				8DD840962A755FD50062D955 /* HTMLParser.swift in Sources */,
				8DD8409A2A75614B0062D955 /* DateHourLiturgicHourClassifierService.swift in Sources */,
				8D8B36C32A7C923C00A39F6A /* LiturgicHourViewModel.swift in Sources */,
				8D1DEDEA2A7EF0AF0073B9BA /* DateHourLiturgicHourClassifierProtocol.swift in Sources */,
				8D1DEDF02A7EF82E0073B9BA /* LiturgicHourNetworkLoaderImpl.swift in Sources */,
				8D8B36BD2A7C8F0100A39F6A /* NetworkFetcherServiceProtocol.swift in Sources */,
				8D7874FF2A7F25F800617E03 /* NetworkFetcherServiceImpl.swift in Sources */,
			);
			runOnlyForDeploymentPostprocessing = 0;
		};
		8DEB76242A5F0A1000FDC86A /* Sources */ = {
			isa = PBXSourcesBuildPhase;
			buildActionMask = 2147483647;
			files = (
				8DEB762F2A5F0A1000FDC86A /* BreviarioUITestsLaunchTests.swift in Sources */,
				8DEB762D2A5F0A1000FDC86A /* BreviarioUITests.swift in Sources */,
			);
			runOnlyForDeploymentPostprocessing = 0;
		};
/* End PBXSourcesBuildPhase section */

/* Begin PBXTargetDependency section */
		8DEB76202A5F0A0F00FDC86A /* PBXTargetDependency */ = {
			isa = PBXTargetDependency;
			target = 8DEB760C2A5F0A0C00FDC86A /* Breviario */;
			targetProxy = 8DEB761F2A5F0A0F00FDC86A /* PBXContainerItemProxy */;
		};
		8DEB762A2A5F0A1000FDC86A /* PBXTargetDependency */ = {
			isa = PBXTargetDependency;
			target = 8DEB760C2A5F0A0C00FDC86A /* Breviario */;
			targetProxy = 8DEB76292A5F0A1000FDC86A /* PBXContainerItemProxy */;
		};
/* End PBXTargetDependency section */

/* Begin XCBuildConfiguration section */
		8DEB76302A5F0A1000FDC86A /* Debug */ = {
			isa = XCBuildConfiguration;
			buildSettings = {
				ALWAYS_SEARCH_USER_PATHS = NO;
				ASSETCATALOG_COMPILER_GENERATE_SWIFT_ASSET_SYMBOL_EXTENSIONS = YES;
				CLANG_ANALYZER_NONNULL = YES;
				CLANG_ANALYZER_NUMBER_OBJECT_CONVERSION = YES_AGGRESSIVE;
				CLANG_CXX_LANGUAGE_STANDARD = "gnu++20";
				CLANG_ENABLE_MODULES = YES;
				CLANG_ENABLE_OBJC_ARC = YES;
				CLANG_ENABLE_OBJC_WEAK = YES;
				CLANG_WARN_BLOCK_CAPTURE_AUTORELEASING = YES;
				CLANG_WARN_BOOL_CONVERSION = YES;
				CLANG_WARN_COMMA = YES;
				CLANG_WARN_CONSTANT_CONVERSION = YES;
				CLANG_WARN_DEPRECATED_OBJC_IMPLEMENTATIONS = YES;
				CLANG_WARN_DIRECT_OBJC_ISA_USAGE = YES_ERROR;
				CLANG_WARN_DOCUMENTATION_COMMENTS = YES;
				CLANG_WARN_EMPTY_BODY = YES;
				CLANG_WARN_ENUM_CONVERSION = YES;
				CLANG_WARN_INFINITE_RECURSION = YES;
				CLANG_WARN_INT_CONVERSION = YES;
				CLANG_WARN_NON_LITERAL_NULL_CONVERSION = YES;
				CLANG_WARN_OBJC_IMPLICIT_RETAIN_SELF = YES;
				CLANG_WARN_OBJC_LITERAL_CONVERSION = YES;
				CLANG_WARN_OBJC_ROOT_CLASS = YES_ERROR;
				CLANG_WARN_QUOTED_INCLUDE_IN_FRAMEWORK_HEADER = YES;
				CLANG_WARN_RANGE_LOOP_ANALYSIS = YES;
				CLANG_WARN_STRICT_PROTOTYPES = YES;
				CLANG_WARN_SUSPICIOUS_MOVE = YES;
				CLANG_WARN_UNGUARDED_AVAILABILITY = YES_AGGRESSIVE;
				CLANG_WARN_UNREACHABLE_CODE = YES;
				CLANG_WARN__DUPLICATE_METHOD_MATCH = YES;
				COPY_PHASE_STRIP = NO;
				DEAD_CODE_STRIPPING = YES;
				DEBUG_INFORMATION_FORMAT = dwarf;
				ENABLE_STRICT_OBJC_MSGSEND = YES;
				ENABLE_TESTABILITY = YES;
				ENABLE_USER_SCRIPT_SANDBOXING = YES;
				GCC_C_LANGUAGE_STANDARD = gnu11;
				GCC_DYNAMIC_NO_PIC = NO;
				GCC_NO_COMMON_BLOCKS = YES;
				GCC_OPTIMIZATION_LEVEL = 0;
				GCC_PREPROCESSOR_DEFINITIONS = (
					"DEBUG=1",
					"$(inherited)",
				);
				GCC_WARN_64_TO_32_BIT_CONVERSION = YES;
				GCC_WARN_ABOUT_RETURN_TYPE = YES_ERROR;
				GCC_WARN_UNDECLARED_SELECTOR = YES;
				GCC_WARN_UNINITIALIZED_AUTOS = YES_AGGRESSIVE;
				GCC_WARN_UNUSED_FUNCTION = YES;
				GCC_WARN_UNUSED_VARIABLE = YES;
				MTL_ENABLE_DEBUG_INFO = INCLUDE_SOURCE;
				MTL_FAST_MATH = YES;
				ONLY_ACTIVE_ARCH = YES;
				SWIFT_ACTIVE_COMPILATION_CONDITIONS = DEBUG;
				SWIFT_OPTIMIZATION_LEVEL = "-Onone";
			};
			name = Debug;
		};
		8DEB76312A5F0A1000FDC86A /* Release */ = {
			isa = XCBuildConfiguration;
			buildSettings = {
				ALWAYS_SEARCH_USER_PATHS = NO;
				ASSETCATALOG_COMPILER_GENERATE_SWIFT_ASSET_SYMBOL_EXTENSIONS = YES;
				CLANG_ANALYZER_NONNULL = YES;
				CLANG_ANALYZER_NUMBER_OBJECT_CONVERSION = YES_AGGRESSIVE;
				CLANG_CXX_LANGUAGE_STANDARD = "gnu++20";
				CLANG_ENABLE_MODULES = YES;
				CLANG_ENABLE_OBJC_ARC = YES;
				CLANG_ENABLE_OBJC_WEAK = YES;
				CLANG_WARN_BLOCK_CAPTURE_AUTORELEASING = YES;
				CLANG_WARN_BOOL_CONVERSION = YES;
				CLANG_WARN_COMMA = YES;
				CLANG_WARN_CONSTANT_CONVERSION = YES;
				CLANG_WARN_DEPRECATED_OBJC_IMPLEMENTATIONS = YES;
				CLANG_WARN_DIRECT_OBJC_ISA_USAGE = YES_ERROR;
				CLANG_WARN_DOCUMENTATION_COMMENTS = YES;
				CLANG_WARN_EMPTY_BODY = YES;
				CLANG_WARN_ENUM_CONVERSION = YES;
				CLANG_WARN_INFINITE_RECURSION = YES;
				CLANG_WARN_INT_CONVERSION = YES;
				CLANG_WARN_NON_LITERAL_NULL_CONVERSION = YES;
				CLANG_WARN_OBJC_IMPLICIT_RETAIN_SELF = YES;
				CLANG_WARN_OBJC_LITERAL_CONVERSION = YES;
				CLANG_WARN_OBJC_ROOT_CLASS = YES_ERROR;
				CLANG_WARN_QUOTED_INCLUDE_IN_FRAMEWORK_HEADER = YES;
				CLANG_WARN_RANGE_LOOP_ANALYSIS = YES;
				CLANG_WARN_STRICT_PROTOTYPES = YES;
				CLANG_WARN_SUSPICIOUS_MOVE = YES;
				CLANG_WARN_UNGUARDED_AVAILABILITY = YES_AGGRESSIVE;
				CLANG_WARN_UNREACHABLE_CODE = YES;
				CLANG_WARN__DUPLICATE_METHOD_MATCH = YES;
				COPY_PHASE_STRIP = NO;
				DEAD_CODE_STRIPPING = YES;
				DEBUG_INFORMATION_FORMAT = "dwarf-with-dsym";
				ENABLE_NS_ASSERTIONS = NO;
				ENABLE_STRICT_OBJC_MSGSEND = YES;
				ENABLE_USER_SCRIPT_SANDBOXING = YES;
				GCC_C_LANGUAGE_STANDARD = gnu11;
				GCC_NO_COMMON_BLOCKS = YES;
				GCC_WARN_64_TO_32_BIT_CONVERSION = YES;
				GCC_WARN_ABOUT_RETURN_TYPE = YES_ERROR;
				GCC_WARN_UNDECLARED_SELECTOR = YES;
				GCC_WARN_UNINITIALIZED_AUTOS = YES_AGGRESSIVE;
				GCC_WARN_UNUSED_FUNCTION = YES;
				GCC_WARN_UNUSED_VARIABLE = YES;
				MTL_ENABLE_DEBUG_INFO = NO;
				MTL_FAST_MATH = YES;
				SWIFT_COMPILATION_MODE = wholemodule;
				SWIFT_OPTIMIZATION_LEVEL = "-O";
			};
			name = Release;
		};
		8DEB76332A5F0A1000FDC86A /* Debug */ = {
			isa = XCBuildConfiguration;
			buildSettings = {
				ASSETCATALOG_COMPILER_APPICON_NAME = AppIcon;
				ASSETCATALOG_COMPILER_GLOBAL_ACCENT_COLOR_NAME = AccentColor;
				CODE_SIGN_ENTITLEMENTS = Breviario/Resources/Breviario.entitlements;
				CODE_SIGN_IDENTITY = "Apple Development";
				"CODE_SIGN_IDENTITY[sdk=macosx*]" = "Apple Development";
				CODE_SIGN_STYLE = Automatic;
				CURRENT_PROJECT_VERSION = 1;
				DEAD_CODE_STRIPPING = YES;
				DEVELOPMENT_ASSET_PATHS = "\"Breviario/Preview Content\"";
				DEVELOPMENT_TEAM = HHRZ35A37Y;
				ENABLE_HARDENED_RUNTIME = YES;
				ENABLE_PREVIEWS = YES;
				GENERATE_INFOPLIST_FILE = YES;
				INFOPLIST_FILE = Breviario/App/Info.plist;
				INFOPLIST_KEY_LSApplicationCategoryType = "public.app-category.education";
				"INFOPLIST_KEY_UIApplicationSceneManifest_Generation[sdk=iphoneos*]" = YES;
				"INFOPLIST_KEY_UIApplicationSceneManifest_Generation[sdk=iphonesimulator*]" = YES;
				"INFOPLIST_KEY_UIApplicationSupportsIndirectInputEvents[sdk=iphoneos*]" = YES;
				"INFOPLIST_KEY_UIApplicationSupportsIndirectInputEvents[sdk=iphonesimulator*]" = YES;
				"INFOPLIST_KEY_UILaunchScreen_Generation[sdk=iphoneos*]" = YES;
				"INFOPLIST_KEY_UILaunchScreen_Generation[sdk=iphonesimulator*]" = YES;
				INFOPLIST_KEY_UIRequiresFullScreen = YES;
				INFOPLIST_KEY_UIStatusBarHidden = YES;
				INFOPLIST_KEY_UIStatusBarStyle = "";
				"INFOPLIST_KEY_UIStatusBarStyle[sdk=iphoneos*]" = UIStatusBarStyleDefault;
				"INFOPLIST_KEY_UIStatusBarStyle[sdk=iphonesimulator*]" = UIStatusBarStyleDefault;
				INFOPLIST_KEY_UISupportedInterfaceOrientations_iPad = "UIInterfaceOrientationPortrait UIInterfaceOrientationPortraitUpsideDown UIInterfaceOrientationLandscapeLeft UIInterfaceOrientationLandscapeRight";
				INFOPLIST_KEY_UISupportedInterfaceOrientations_iPhone = "UIInterfaceOrientationPortrait UIInterfaceOrientationLandscapeLeft UIInterfaceOrientationLandscapeRight";
				IPHONEOS_DEPLOYMENT_TARGET = 15.0;
				LD_RUNPATH_SEARCH_PATHS = "@executable_path/Frameworks";
				"LD_RUNPATH_SEARCH_PATHS[sdk=macosx*]" = "@executable_path/../Frameworks";
				MACOSX_DEPLOYMENT_TARGET = 12.0;
				MARKETING_VERSION = 1.0;
				PRODUCT_BUNDLE_IDENTIFIER = pugliesiPietro.Breviario;
				PRODUCT_NAME = "$(TARGET_NAME)";
				PROVISIONING_PROFILE_SPECIFIER = "";
				SDKROOT = auto;
				SUPPORTED_PLATFORMS = "iphoneos iphonesimulator macosx";
				SWIFT_EMIT_LOC_STRINGS = YES;
				SWIFT_VERSION = 5.0;
				TARGETED_DEVICE_FAMILY = "1,2";
			};
			name = Debug;
		};
		8DEB76342A5F0A1000FDC86A /* Release */ = {
			isa = XCBuildConfiguration;
			buildSettings = {
				ASSETCATALOG_COMPILER_APPICON_NAME = AppIcon;
				ASSETCATALOG_COMPILER_GLOBAL_ACCENT_COLOR_NAME = AccentColor;
				CODE_SIGN_ENTITLEMENTS = Breviario/Resources/Breviario.entitlements;
				CODE_SIGN_IDENTITY = "Apple Development";
				"CODE_SIGN_IDENTITY[sdk=macosx*]" = "Apple Development";
				CODE_SIGN_STYLE = Automatic;
				CURRENT_PROJECT_VERSION = 1;
				DEAD_CODE_STRIPPING = YES;
				DEVELOPMENT_ASSET_PATHS = "\"Breviario/Preview Content\"";
				DEVELOPMENT_TEAM = HHRZ35A37Y;
				ENABLE_HARDENED_RUNTIME = YES;
				ENABLE_PREVIEWS = YES;
				GENERATE_INFOPLIST_FILE = YES;
				INFOPLIST_FILE = Breviario/App/Info.plist;
				INFOPLIST_KEY_LSApplicationCategoryType = "public.app-category.education";
				"INFOPLIST_KEY_UIApplicationSceneManifest_Generation[sdk=iphoneos*]" = YES;
				"INFOPLIST_KEY_UIApplicationSceneManifest_Generation[sdk=iphonesimulator*]" = YES;
				"INFOPLIST_KEY_UIApplicationSupportsIndirectInputEvents[sdk=iphoneos*]" = YES;
				"INFOPLIST_KEY_UIApplicationSupportsIndirectInputEvents[sdk=iphonesimulator*]" = YES;
				"INFOPLIST_KEY_UILaunchScreen_Generation[sdk=iphoneos*]" = YES;
				"INFOPLIST_KEY_UILaunchScreen_Generation[sdk=iphonesimulator*]" = YES;
				INFOPLIST_KEY_UIRequiresFullScreen = YES;
				INFOPLIST_KEY_UIStatusBarHidden = YES;
				INFOPLIST_KEY_UIStatusBarStyle = "";
				"INFOPLIST_KEY_UIStatusBarStyle[sdk=iphoneos*]" = UIStatusBarStyleDefault;
				"INFOPLIST_KEY_UIStatusBarStyle[sdk=iphonesimulator*]" = UIStatusBarStyleDefault;
				INFOPLIST_KEY_UISupportedInterfaceOrientations_iPad = "UIInterfaceOrientationPortrait UIInterfaceOrientationPortraitUpsideDown UIInterfaceOrientationLandscapeLeft UIInterfaceOrientationLandscapeRight";
				INFOPLIST_KEY_UISupportedInterfaceOrientations_iPhone = "UIInterfaceOrientationPortrait UIInterfaceOrientationLandscapeLeft UIInterfaceOrientationLandscapeRight";
				IPHONEOS_DEPLOYMENT_TARGET = 15.0;
				LD_RUNPATH_SEARCH_PATHS = "@executable_path/Frameworks";
				"LD_RUNPATH_SEARCH_PATHS[sdk=macosx*]" = "@executable_path/../Frameworks";
				MACOSX_DEPLOYMENT_TARGET = 12.0;
				MARKETING_VERSION = 1.0;
				PRODUCT_BUNDLE_IDENTIFIER = pugliesiPietro.Breviario;
				PRODUCT_NAME = "$(TARGET_NAME)";
				PROVISIONING_PROFILE_SPECIFIER = "";
				SDKROOT = auto;
				SUPPORTED_PLATFORMS = "iphoneos iphonesimulator macosx";
				SWIFT_EMIT_LOC_STRINGS = YES;
				SWIFT_VERSION = 5.0;
				TARGETED_DEVICE_FAMILY = "1,2";
			};
			name = Release;
		};
		8DEB76362A5F0A1000FDC86A /* Debug */ = {
			isa = XCBuildConfiguration;
			buildSettings = {
				ALWAYS_EMBED_SWIFT_STANDARD_LIBRARIES = YES;
				BUNDLE_LOADER = "$(TEST_HOST)";
				CODE_SIGN_STYLE = Automatic;
				CURRENT_PROJECT_VERSION = 1;
				DEAD_CODE_STRIPPING = YES;
				DEVELOPMENT_TEAM = HHRZ35A37Y;
				GENERATE_INFOPLIST_FILE = YES;
				IPHONEOS_DEPLOYMENT_TARGET = 16.4;
				MACOSX_DEPLOYMENT_TARGET = 13.3;
				MARKETING_VERSION = 1.0;
				PRODUCT_BUNDLE_IDENTIFIER = pugliesiPietro.BreviarioTests;
				PRODUCT_NAME = "$(TARGET_NAME)";
				SDKROOT = auto;
				SUPPORTED_PLATFORMS = "iphoneos iphonesimulator macosx";
				SWIFT_EMIT_LOC_STRINGS = NO;
				SWIFT_VERSION = 5.0;
				TARGETED_DEVICE_FAMILY = "1,2";
				TEST_HOST = "$(BUILT_PRODUCTS_DIR)/Breviario.app/$(BUNDLE_EXECUTABLE_FOLDER_PATH)/Breviario";
			};
			name = Debug;
		};
		8DEB76372A5F0A1000FDC86A /* Release */ = {
			isa = XCBuildConfiguration;
			buildSettings = {
				ALWAYS_EMBED_SWIFT_STANDARD_LIBRARIES = YES;
				BUNDLE_LOADER = "$(TEST_HOST)";
				CODE_SIGN_STYLE = Automatic;
				CURRENT_PROJECT_VERSION = 1;
				DEAD_CODE_STRIPPING = YES;
				DEVELOPMENT_TEAM = HHRZ35A37Y;
				GENERATE_INFOPLIST_FILE = YES;
				IPHONEOS_DEPLOYMENT_TARGET = 16.4;
				MACOSX_DEPLOYMENT_TARGET = 13.3;
				MARKETING_VERSION = 1.0;
				PRODUCT_BUNDLE_IDENTIFIER = pugliesiPietro.BreviarioTests;
				PRODUCT_NAME = "$(TARGET_NAME)";
				SDKROOT = auto;
				SUPPORTED_PLATFORMS = "iphoneos iphonesimulator macosx";
				SWIFT_EMIT_LOC_STRINGS = NO;
				SWIFT_VERSION = 5.0;
				TARGETED_DEVICE_FAMILY = "1,2";
				TEST_HOST = "$(BUILT_PRODUCTS_DIR)/Breviario.app/$(BUNDLE_EXECUTABLE_FOLDER_PATH)/Breviario";
			};
			name = Release;
		};
		8DEB76392A5F0A1000FDC86A /* Debug */ = {
			isa = XCBuildConfiguration;
			buildSettings = {
				ALWAYS_EMBED_SWIFT_STANDARD_LIBRARIES = YES;
				CODE_SIGN_STYLE = Automatic;
				CURRENT_PROJECT_VERSION = 1;
				DEAD_CODE_STRIPPING = YES;
				DEVELOPMENT_TEAM = HHRZ35A37Y;
				GENERATE_INFOPLIST_FILE = YES;
				IPHONEOS_DEPLOYMENT_TARGET = 16.4;
				MACOSX_DEPLOYMENT_TARGET = 13.3;
				MARKETING_VERSION = 1.0;
				PRODUCT_BUNDLE_IDENTIFIER = pugliesiPietro.BreviarioUITests;
				PRODUCT_NAME = "$(TARGET_NAME)";
				SDKROOT = auto;
				SUPPORTED_PLATFORMS = "iphoneos iphonesimulator macosx";
				SWIFT_EMIT_LOC_STRINGS = NO;
				SWIFT_VERSION = 5.0;
				TARGETED_DEVICE_FAMILY = "1,2";
				TEST_TARGET_NAME = Breviario;
			};
			name = Debug;
		};
		8DEB763A2A5F0A1000FDC86A /* Release */ = {
			isa = XCBuildConfiguration;
			buildSettings = {
				ALWAYS_EMBED_SWIFT_STANDARD_LIBRARIES = YES;
				CODE_SIGN_STYLE = Automatic;
				CURRENT_PROJECT_VERSION = 1;
				DEAD_CODE_STRIPPING = YES;
				DEVELOPMENT_TEAM = HHRZ35A37Y;
				GENERATE_INFOPLIST_FILE = YES;
				IPHONEOS_DEPLOYMENT_TARGET = 16.4;
				MACOSX_DEPLOYMENT_TARGET = 13.3;
				MARKETING_VERSION = 1.0;
				PRODUCT_BUNDLE_IDENTIFIER = pugliesiPietro.BreviarioUITests;
				PRODUCT_NAME = "$(TARGET_NAME)";
				SDKROOT = auto;
				SUPPORTED_PLATFORMS = "iphoneos iphonesimulator macosx";
				SWIFT_EMIT_LOC_STRINGS = NO;
				SWIFT_VERSION = 5.0;
				TARGETED_DEVICE_FAMILY = "1,2";
				TEST_TARGET_NAME = Breviario;
			};
			name = Release;
		};
/* End XCBuildConfiguration section */

/* Begin XCConfigurationList section */
		8DEB76082A5F0A0C00FDC86A /* Build configuration list for PBXProject "Breviario" */ = {
			isa = XCConfigurationList;
			buildConfigurations = (
				8DEB76302A5F0A1000FDC86A /* Debug */,
				8DEB76312A5F0A1000FDC86A /* Release */,
			);
			defaultConfigurationIsVisible = 0;
			defaultConfigurationName = Release;
		};
		8DEB76322A5F0A1000FDC86A /* Build configuration list for PBXNativeTarget "Breviario" */ = {
			isa = XCConfigurationList;
			buildConfigurations = (
				8DEB76332A5F0A1000FDC86A /* Debug */,
				8DEB76342A5F0A1000FDC86A /* Release */,
			);
			defaultConfigurationIsVisible = 0;
			defaultConfigurationName = Release;
		};
		8DEB76352A5F0A1000FDC86A /* Build configuration list for PBXNativeTarget "BreviarioTests" */ = {
			isa = XCConfigurationList;
			buildConfigurations = (
				8DEB76362A5F0A1000FDC86A /* Debug */,
				8DEB76372A5F0A1000FDC86A /* Release */,
			);
			defaultConfigurationIsVisible = 0;
			defaultConfigurationName = Release;
		};
		8DEB76382A5F0A1000FDC86A /* Build configuration list for PBXNativeTarget "BreviarioUITests" */ = {
			isa = XCConfigurationList;
			buildConfigurations = (
				8DEB76392A5F0A1000FDC86A /* Debug */,
				8DEB763A2A5F0A1000FDC86A /* Release */,
			);
			defaultConfigurationIsVisible = 0;
			defaultConfigurationName = Release;
		};
/* End XCConfigurationList section */

/* Begin XCRemoteSwiftPackageReference section */
		8DCE6FC02A61B193007A0FBD /* XCRemoteSwiftPackageReference "SwiftSoup" */ = {
			isa = XCRemoteSwiftPackageReference;
			repositoryURL = "https://github.com/scinfu/SwiftSoup";
			requirement = {
				kind = upToNextMajorVersion;
				minimumVersion = 2.0.0;
			};
		};
/* End XCRemoteSwiftPackageReference section */

/* Begin XCSwiftPackageProductDependency section */
		8DCE6FC12A61B193007A0FBD /* SwiftSoup */ = {
			isa = XCSwiftPackageProductDependency;
			package = 8DCE6FC02A61B193007A0FBD /* XCRemoteSwiftPackageReference "SwiftSoup" */;
			productName = SwiftSoup;
		};
/* End XCSwiftPackageProductDependency section */
	};
	rootObject = 8DEB76052A5F0A0C00FDC86A /* Project object */;
}
